
Microsoft Visual Studio Solution File, Format Version 12.00
# Visual Studio Version 16
VisualStudioVersion = 16.0.35325.158
MinimumVisualStudioVersion = 10.0.40219.1
Project("{FAE04EC0-301F-11D3-BF4B-00C04F79EFBC}") = "Class06", "Class06\Class06.csproj", "{1D23236D-1419-40A6-8A2C-06621C4DEA7D}"
EndProject
Global
	GlobalSection(SolutionConfigurationPlatforms) = preSolution
		Debug|Any CPU = Debug|Any CPU
		Release|Any CPU = Release|Any CPU
	EndGlobalSection
	GlobalSection(ProjectConfigurationPlatforms) = postSolution
		{1D23236D-1419-40A6-8A2C-06621C4DEA7D}.Debug|Any CPU.ActiveCfg = Debug|Any CPU
		{1D23236D-1419-40A6-8A2C-06621C4DEA7D}.Debug|Any CPU.Build.0 = Debug|Any CPU
		{1D23236D-1419-40A6-8A2C-06621C4DEA7D}.Release|Any CPU.ActiveCfg = Release|Any CPU
		{1D23236D-1419-40A6-8A2C-06621C4DEA7D}.Release|Any CPU.Build.0 = Release|Any CPU
	EndGlobalSection
	GlobalSection(SolutionProperties) = preSolution
		HideSolutionNode = FALSE
	EndGlobalSection
	GlobalSection(ExtensibilityGlobals) = postSolution
		SolutionGuid = {CAED6A00-8AAA-45C7-ADBA-CC058CE1B2F1}
	EndGlobalSection
EndGlobal
